// !$*UTF8*$!
{
	archiveVersion = 1;
	classes = {
	};
	objectVersion = 56;
	objects = {

/* Begin PBXBuildFile section */
		5D02784A2C2AA90900F2A4EB /* AppDelegate.swift in Sources */ = {isa = PBXBuildFile; fileRef = 5D0278492C2AA90900F2A4EB /* AppDelegate.swift */; };
		5D02784C2C2AA90900F2A4EB /* SceneDelegate.swift in Sources */ = {isa = PBXBuildFile; fileRef = 5D02784B2C2AA90900F2A4EB /* SceneDelegate.swift */; };
		5D02784E2C2AA90900F2A4EB /* ViewController.swift in Sources */ = {isa = PBXBuildFile; fileRef = 5D02784D2C2AA90900F2A4EB /* ViewController.swift */; };
		5D0278512C2AA90900F2A4EB /* Base in Resources */ = {isa = PBXBuildFile; fileRef = 5D0278502C2AA90900F2A4EB /* Base */; };
		5D0278532C2AA90F00F2A4EB /* Assets.xcassets in Resources */ = {isa = PBXBuildFile; fileRef = 5D0278522C2AA90F00F2A4EB /* Assets.xcassets */; };
		5D0278562C2AA90F00F2A4EB /* Base in Resources */ = {isa = PBXBuildFile; fileRef = 5D0278552C2AA90F00F2A4EB /* Base */; };
		5D0278612C2AA91000F2A4EB /* GovUK_UIComponentsTests.swift in Sources */ = {isa = PBXBuildFile; fileRef = 5D0278602C2AA91000F2A4EB /* GovUK_UIComponentsTests.swift */; };
		5D02786B2C2AA91000F2A4EB /* GovUK_UIComponentsUITests.swift in Sources */ = {isa = PBXBuildFile; fileRef = 5D02786A2C2AA91000F2A4EB /* GovUK_UIComponentsUITests.swift */; };
		5D02786D2C2AA91000F2A4EB /* GovUK_UIComponentsUITestsLaunchTests.swift in Sources */ = {isa = PBXBuildFile; fileRef = 5D02786C2C2AA91000F2A4EB /* GovUK_UIComponentsUITestsLaunchTests.swift */; };
/* End PBXBuildFile section */

/* Begin PBXContainerItemProxy section */
		5D02785D2C2AA91000F2A4EB /* PBXContainerItemProxy */ = {
			isa = PBXContainerItemProxy;
			containerPortal = 5D02783E2C2AA90900F2A4EB /* Project object */;
			proxyType = 1;
			remoteGlobalIDString = 5D0278452C2AA90900F2A4EB;
			remoteInfo = "GovUK-UIComponents";
		};
		5D0278672C2AA91000F2A4EB /* PBXContainerItemProxy */ = {
			isa = PBXContainerItemProxy;
			containerPortal = 5D02783E2C2AA90900F2A4EB /* Project object */;
			proxyType = 1;
			remoteGlobalIDString = 5D0278452C2AA90900F2A4EB;
			remoteInfo = "GovUK-UIComponents";
		};
/* End PBXContainerItemProxy section */

/* Begin PBXFileReference section */
		5D0278462C2AA90900F2A4EB /* govuk_uicomponents_ios.app */ = {isa = PBXFileReference; explicitFileType = wrapper.application; includeInIndex = 0; path = govuk_uicomponents_ios.app; sourceTree = BUILT_PRODUCTS_DIR; };
		5D0278492C2AA90900F2A4EB /* AppDelegate.swift */ = {isa = PBXFileReference; lastKnownFileType = sourcecode.swift; path = AppDelegate.swift; sourceTree = "<group>"; };
		5D02784B2C2AA90900F2A4EB /* SceneDelegate.swift */ = {isa = PBXFileReference; lastKnownFileType = sourcecode.swift; path = SceneDelegate.swift; sourceTree = "<group>"; };
		5D02784D2C2AA90900F2A4EB /* ViewController.swift */ = {isa = PBXFileReference; lastKnownFileType = sourcecode.swift; path = ViewController.swift; sourceTree = "<group>"; };
		5D0278502C2AA90900F2A4EB /* Base */ = {isa = PBXFileReference; lastKnownFileType = file.storyboard; name = Base; path = Base.lproj/Main.storyboard; sourceTree = "<group>"; };
		5D0278522C2AA90F00F2A4EB /* Assets.xcassets */ = {isa = PBXFileReference; lastKnownFileType = folder.assetcatalog; path = Assets.xcassets; sourceTree = "<group>"; };
		5D0278552C2AA90F00F2A4EB /* Base */ = {isa = PBXFileReference; lastKnownFileType = file.storyboard; name = Base; path = Base.lproj/LaunchScreen.storyboard; sourceTree = "<group>"; };
		5D0278572C2AA90F00F2A4EB /* Info.plist */ = {isa = PBXFileReference; lastKnownFileType = text.plist.xml; path = Info.plist; sourceTree = "<group>"; };
		5D02785C2C2AA91000F2A4EB /* govuk_uicomponents_ios_unit_tests.xctest */ = {isa = PBXFileReference; explicitFileType = wrapper.cfbundle; includeInIndex = 0; path = govuk_uicomponents_ios_unit_tests.xctest; sourceTree = BUILT_PRODUCTS_DIR; };
		5D0278602C2AA91000F2A4EB /* GovUK_UIComponentsTests.swift */ = {isa = PBXFileReference; lastKnownFileType = sourcecode.swift; path = GovUK_UIComponentsTests.swift; sourceTree = "<group>"; };
		5D0278662C2AA91000F2A4EB /* govuk_uicomponents_ios_ui_tests.xctest */ = {isa = PBXFileReference; explicitFileType = wrapper.cfbundle; includeInIndex = 0; path = govuk_uicomponents_ios_ui_tests.xctest; sourceTree = BUILT_PRODUCTS_DIR; };
		5D02786A2C2AA91000F2A4EB /* GovUK_UIComponentsUITests.swift */ = {isa = PBXFileReference; lastKnownFileType = sourcecode.swift; path = GovUK_UIComponentsUITests.swift; sourceTree = "<group>"; };
		5D02786C2C2AA91000F2A4EB /* GovUK_UIComponentsUITestsLaunchTests.swift */ = {isa = PBXFileReference; lastKnownFileType = sourcecode.swift; path = GovUK_UIComponentsUITestsLaunchTests.swift; sourceTree = "<group>"; };
/* End PBXFileReference section */

/* Begin PBXFrameworksBuildPhase section */
		5D0278432C2AA90900F2A4EB /* Frameworks */ = {
			isa = PBXFrameworksBuildPhase;
			buildActionMask = 2147483647;
			files = (
			);
			runOnlyForDeploymentPostprocessing = 0;
		};
		5D0278592C2AA91000F2A4EB /* Frameworks */ = {
			isa = PBXFrameworksBuildPhase;
			buildActionMask = 2147483647;
			files = (
			);
			runOnlyForDeploymentPostprocessing = 0;
		};
		5D0278632C2AA91000F2A4EB /* Frameworks */ = {
			isa = PBXFrameworksBuildPhase;
			buildActionMask = 2147483647;
			files = (
			);
			runOnlyForDeploymentPostprocessing = 0;
		};
/* End PBXFrameworksBuildPhase section */

/* Begin PBXGroup section */
		5D02783D2C2AA90900F2A4EB = {
			isa = PBXGroup;
			children = (
				5D7240F82C2AAD2C00B2D70A /* Production */,
				5D7240F72C2AAC6400B2D70A /* Tests */,
				5D0278472C2AA90900F2A4EB /* Products */,
			);
			sourceTree = "<group>";
		};
		5D0278472C2AA90900F2A4EB /* Products */ = {
			isa = PBXGroup;
			children = (
				5D0278462C2AA90900F2A4EB /* govuk_uicomponents_ios.app */,
				5D02785C2C2AA91000F2A4EB /* govuk_uicomponents_ios_unit_tests.xctest */,
				5D0278662C2AA91000F2A4EB /* govuk_uicomponents_ios_ui_tests.xctest */,
			);
			name = Products;
			sourceTree = "<group>";
		};
		5D0278482C2AA90900F2A4EB /* GovUK-UIComponents */ = {
			isa = PBXGroup;
			children = (
				5D0278492C2AA90900F2A4EB /* AppDelegate.swift */,
				5D02784B2C2AA90900F2A4EB /* SceneDelegate.swift */,
				5D02784D2C2AA90900F2A4EB /* ViewController.swift */,
				5D02784F2C2AA90900F2A4EB /* Main.storyboard */,
				5D0278522C2AA90F00F2A4EB /* Assets.xcassets */,
				5D0278542C2AA90F00F2A4EB /* LaunchScreen.storyboard */,
				5D0278572C2AA90F00F2A4EB /* Info.plist */,
			);
			path = "GovUK-UIComponents";
			sourceTree = "<group>";
		};
		5D02785F2C2AA91000F2A4EB /* GovUK-UIComponentsTests */ = {
			isa = PBXGroup;
			children = (
				5D0278602C2AA91000F2A4EB /* GovUK_UIComponentsTests.swift */,
			);
			path = "GovUK-UIComponentsTests";
			sourceTree = "<group>";
		};
		5D0278692C2AA91000F2A4EB /* GovUK-UIComponentsUITests */ = {
			isa = PBXGroup;
			children = (
				5D02786A2C2AA91000F2A4EB /* GovUK_UIComponentsUITests.swift */,
				5D02786C2C2AA91000F2A4EB /* GovUK_UIComponentsUITestsLaunchTests.swift */,
			);
			path = "GovUK-UIComponentsUITests";
			sourceTree = "<group>";
		};
		5D7240F62C2AAC6400B2D70A /* govuk_uicomponents_ios */ = {
			isa = PBXGroup;
			children = (
				5D0278692C2AA91000F2A4EB /* GovUK-UIComponentsUITests */,
				5D02785F2C2AA91000F2A4EB /* GovUK-UIComponentsTests */,
			);
			path = govuk_uicomponents_ios;
			sourceTree = "<group>";
		};
		5D7240F72C2AAC6400B2D70A /* Tests */ = {
			isa = PBXGroup;
			children = (
				5D7240F62C2AAC6400B2D70A /* govuk_uicomponents_ios */,
			);
			path = Tests;
			sourceTree = "<group>";
		};
		5D7240F82C2AAD2C00B2D70A /* Production */ = {
			isa = PBXGroup;
			children = (
				5D0278482C2AA90900F2A4EB /* GovUK-UIComponents */,
			);
			path = Production;
			sourceTree = "<group>";
		};
/* End PBXGroup section */

/* Begin PBXNativeTarget section */
		5D0278452C2AA90900F2A4EB /* govuk_uicomponents_ios */ = {
			isa = PBXNativeTarget;
			buildConfigurationList = 5D0278702C2AA91000F2A4EB /* Build configuration list for PBXNativeTarget "govuk_uicomponents_ios" */;
			buildPhases = (
				5D0278422C2AA90900F2A4EB /* Sources */,
				5D0278432C2AA90900F2A4EB /* Frameworks */,
				5D0278442C2AA90900F2A4EB /* Resources */,
			);
			buildRules = (
			);
			dependencies = (
			);
			name = govuk_uicomponents_ios;
			productName = "GovUK-UIComponents";
			productReference = 5D0278462C2AA90900F2A4EB /* govuk_uicomponents_ios.app */;
			productType = "com.apple.product-type.application";
		};
		5D02785B2C2AA91000F2A4EB /* govuk_uicomponents_ios_unit_tests */ = {
			isa = PBXNativeTarget;
			buildConfigurationList = 5D0278732C2AA91000F2A4EB /* Build configuration list for PBXNativeTarget "govuk_uicomponents_ios_unit_tests" */;
			buildPhases = (
				5D0278582C2AA91000F2A4EB /* Sources */,
				5D0278592C2AA91000F2A4EB /* Frameworks */,
				5D02785A2C2AA91000F2A4EB /* Resources */,
			);
			buildRules = (
			);
			dependencies = (
				5D02785E2C2AA91000F2A4EB /* PBXTargetDependency */,
			);
			name = govuk_uicomponents_ios_unit_tests;
			productName = "GovUK-UIComponentsTests";
			productReference = 5D02785C2C2AA91000F2A4EB /* govuk_uicomponents_ios_unit_tests.xctest */;
			productType = "com.apple.product-type.bundle.unit-test";
		};
		5D0278652C2AA91000F2A4EB /* govuk_uicomponents_ios_ui_tests */ = {
			isa = PBXNativeTarget;
			buildConfigurationList = 5D0278762C2AA91000F2A4EB /* Build configuration list for PBXNativeTarget "govuk_uicomponents_ios_ui_tests" */;
			buildPhases = (
				5D0278622C2AA91000F2A4EB /* Sources */,
				5D0278632C2AA91000F2A4EB /* Frameworks */,
				5D0278642C2AA91000F2A4EB /* Resources */,
			);
			buildRules = (
			);
			dependencies = (
				5D0278682C2AA91000F2A4EB /* PBXTargetDependency */,
			);
			name = govuk_uicomponents_ios_ui_tests;
			productName = "GovUK-UIComponentsUITests";
			productReference = 5D0278662C2AA91000F2A4EB /* govuk_uicomponents_ios_ui_tests.xctest */;
			productType = "com.apple.product-type.bundle.ui-testing";
		};
/* End PBXNativeTarget section */

/* Begin PBXProject section */
		5D02783E2C2AA90900F2A4EB /* Project object */ = {
			isa = PBXProject;
			attributes = {
				BuildIndependentTargetsInParallel = 1;
				LastSwiftUpdateCheck = 1540;
				LastUpgradeCheck = 1540;
				TargetAttributes = {
					5D0278452C2AA90900F2A4EB = {
						CreatedOnToolsVersion = 15.4;
					};
					5D02785B2C2AA91000F2A4EB = {
						CreatedOnToolsVersion = 15.4;
						TestTargetID = 5D0278452C2AA90900F2A4EB;
					};
					5D0278652C2AA91000F2A4EB = {
						CreatedOnToolsVersion = 15.4;
						TestTargetID = 5D0278452C2AA90900F2A4EB;
					};
				};
			};
			buildConfigurationList = 5D0278412C2AA90900F2A4EB /* Build configuration list for PBXProject "GovUK-UIComponents" */;
			compatibilityVersion = "Xcode 14.0";
			developmentRegion = en;
			hasScannedForEncodings = 0;
			knownRegions = (
				en,
				Base,
			);
			mainGroup = 5D02783D2C2AA90900F2A4EB;
			productRefGroup = 5D0278472C2AA90900F2A4EB /* Products */;
			projectDirPath = "";
			projectRoot = "";
			targets = (
				5D0278452C2AA90900F2A4EB /* govuk_uicomponents_ios */,
				5D02785B2C2AA91000F2A4EB /* govuk_uicomponents_ios_unit_tests */,
				5D0278652C2AA91000F2A4EB /* govuk_uicomponents_ios_ui_tests */,
			);
		};
/* End PBXProject section */

/* Begin PBXResourcesBuildPhase section */
		5D0278442C2AA90900F2A4EB /* Resources */ = {
			isa = PBXResourcesBuildPhase;
			buildActionMask = 2147483647;
			files = (
				5D0278532C2AA90F00F2A4EB /* Assets.xcassets in Resources */,
				5D0278562C2AA90F00F2A4EB /* Base in Resources */,
				5D0278512C2AA90900F2A4EB /* Base in Resources */,
			);
			runOnlyForDeploymentPostprocessing = 0;
		};
		5D02785A2C2AA91000F2A4EB /* Resources */ = {
			isa = PBXResourcesBuildPhase;
			buildActionMask = 2147483647;
			files = (
			);
			runOnlyForDeploymentPostprocessing = 0;
		};
		5D0278642C2AA91000F2A4EB /* Resources */ = {
			isa = PBXResourcesBuildPhase;
			buildActionMask = 2147483647;
			files = (
			);
			runOnlyForDeploymentPostprocessing = 0;
		};
/* End PBXResourcesBuildPhase section */

/* Begin PBXSourcesBuildPhase section */
		5D0278422C2AA90900F2A4EB /* Sources */ = {
			isa = PBXSourcesBuildPhase;
			buildActionMask = 2147483647;
			files = (
				5D02784E2C2AA90900F2A4EB /* ViewController.swift in Sources */,
				5D02784A2C2AA90900F2A4EB /* AppDelegate.swift in Sources */,
				5D02784C2C2AA90900F2A4EB /* SceneDelegate.swift in Sources */,
			);
			runOnlyForDeploymentPostprocessing = 0;
		};
		5D0278582C2AA91000F2A4EB /* Sources */ = {
			isa = PBXSourcesBuildPhase;
			buildActionMask = 2147483647;
			files = (
				5D0278612C2AA91000F2A4EB /* GovUK_UIComponentsTests.swift in Sources */,
			);
			runOnlyForDeploymentPostprocessing = 0;
		};
		5D0278622C2AA91000F2A4EB /* Sources */ = {
			isa = PBXSourcesBuildPhase;
			buildActionMask = 2147483647;
			files = (
				5D02786B2C2AA91000F2A4EB /* GovUK_UIComponentsUITests.swift in Sources */,
				5D02786D2C2AA91000F2A4EB /* GovUK_UIComponentsUITestsLaunchTests.swift in Sources */,
			);
			runOnlyForDeploymentPostprocessing = 0;
		};
/* End PBXSourcesBuildPhase section */

/* Begin PBXTargetDependency section */
		5D02785E2C2AA91000F2A4EB /* PBXTargetDependency */ = {
			isa = PBXTargetDependency;
			target = 5D0278452C2AA90900F2A4EB /* govuk_uicomponents_ios */;
			targetProxy = 5D02785D2C2AA91000F2A4EB /* PBXContainerItemProxy */;
		};
		5D0278682C2AA91000F2A4EB /* PBXTargetDependency */ = {
			isa = PBXTargetDependency;
			target = 5D0278452C2AA90900F2A4EB /* govuk_uicomponents_ios */;
			targetProxy = 5D0278672C2AA91000F2A4EB /* PBXContainerItemProxy */;
		};
/* End PBXTargetDependency section */

/* Begin PBXVariantGroup section */
		5D02784F2C2AA90900F2A4EB /* Main.storyboard */ = {
			isa = PBXVariantGroup;
			children = (
				5D0278502C2AA90900F2A4EB /* Base */,
			);
			name = Main.storyboard;
			sourceTree = "<group>";
		};
		5D0278542C2AA90F00F2A4EB /* LaunchScreen.storyboard */ = {
			isa = PBXVariantGroup;
			children = (
				5D0278552C2AA90F00F2A4EB /* Base */,
			);
			name = LaunchScreen.storyboard;
			sourceTree = "<group>";
		};
/* End PBXVariantGroup section */

/* Begin XCBuildConfiguration section */
		5D02786E2C2AA91000F2A4EB /* Debug */ = {
			isa = XCBuildConfiguration;
			buildSettings = {
				ALWAYS_SEARCH_USER_PATHS = NO;
				ASSETCATALOG_COMPILER_GENERATE_SWIFT_ASSET_SYMBOL_EXTENSIONS = YES;
				CLANG_ANALYZER_NONNULL = YES;
				CLANG_ANALYZER_NUMBER_OBJECT_CONVERSION = YES_AGGRESSIVE;
				CLANG_CXX_LANGUAGE_STANDARD = "gnu++20";
				CLANG_ENABLE_MODULES = YES;
				CLANG_ENABLE_OBJC_ARC = YES;
				CLANG_ENABLE_OBJC_WEAK = YES;
				CLANG_WARN_BLOCK_CAPTURE_AUTORELEASING = YES;
				CLANG_WARN_BOOL_CONVERSION = YES;
				CLANG_WARN_COMMA = YES;
				CLANG_WARN_CONSTANT_CONVERSION = YES;
				CLANG_WARN_DEPRECATED_OBJC_IMPLEMENTATIONS = YES;
				CLANG_WARN_DIRECT_OBJC_ISA_USAGE = YES_ERROR;
				CLANG_WARN_DOCUMENTATION_COMMENTS = YES;
				CLANG_WARN_EMPTY_BODY = YES;
				CLANG_WARN_ENUM_CONVERSION = YES;
				CLANG_WARN_INFINITE_RECURSION = YES;
				CLANG_WARN_INT_CONVERSION = YES;
				CLANG_WARN_NON_LITERAL_NULL_CONVERSION = YES;
				CLANG_WARN_OBJC_IMPLICIT_RETAIN_SELF = YES;
				CLANG_WARN_OBJC_LITERAL_CONVERSION = YES;
				CLANG_WARN_OBJC_ROOT_CLASS = YES_ERROR;
				CLANG_WARN_QUOTED_INCLUDE_IN_FRAMEWORK_HEADER = YES;
				CLANG_WARN_RANGE_LOOP_ANALYSIS = YES;
				CLANG_WARN_STRICT_PROTOTYPES = YES;
				CLANG_WARN_SUSPICIOUS_MOVE = YES;
				CLANG_WARN_UNGUARDED_AVAILABILITY = YES_AGGRESSIVE;
				CLANG_WARN_UNREACHABLE_CODE = YES;
				CLANG_WARN__DUPLICATE_METHOD_MATCH = YES;
				COPY_PHASE_STRIP = NO;
				DEBUG_INFORMATION_FORMAT = dwarf;
				ENABLE_STRICT_OBJC_MSGSEND = YES;
				ENABLE_TESTABILITY = YES;
				ENABLE_USER_SCRIPT_SANDBOXING = YES;
				GCC_C_LANGUAGE_STANDARD = gnu17;
				GCC_DYNAMIC_NO_PIC = NO;
				GCC_NO_COMMON_BLOCKS = YES;
				GCC_OPTIMIZATION_LEVEL = 0;
				GCC_PREPROCESSOR_DEFINITIONS = (
					"DEBUG=1",
					"$(inherited)",
				);
				GCC_WARN_64_TO_32_BIT_CONVERSION = YES;
				GCC_WARN_ABOUT_RETURN_TYPE = YES_ERROR;
				GCC_WARN_UNDECLARED_SELECTOR = YES;
				GCC_WARN_UNINITIALIZED_AUTOS = YES_AGGRESSIVE;
				GCC_WARN_UNUSED_FUNCTION = YES;
				GCC_WARN_UNUSED_VARIABLE = YES;
				IPHONEOS_DEPLOYMENT_TARGET = 14.1;
				LOCALIZATION_PREFERS_STRING_CATALOGS = YES;
				MTL_ENABLE_DEBUG_INFO = INCLUDE_SOURCE;
				MTL_FAST_MATH = YES;
				ONLY_ACTIVE_ARCH = YES;
				SDKROOT = iphoneos;
				SWIFT_ACTIVE_COMPILATION_CONDITIONS = "DEBUG $(inherited)";
				SWIFT_OPTIMIZATION_LEVEL = "-Onone";
			};
			name = Debug;
		};
		5D02786F2C2AA91000F2A4EB /* Release */ = {
			isa = XCBuildConfiguration;
			buildSettings = {
				ALWAYS_SEARCH_USER_PATHS = NO;
				ASSETCATALOG_COMPILER_GENERATE_SWIFT_ASSET_SYMBOL_EXTENSIONS = YES;
				CLANG_ANALYZER_NONNULL = YES;
				CLANG_ANALYZER_NUMBER_OBJECT_CONVERSION = YES_AGGRESSIVE;
				CLANG_CXX_LANGUAGE_STANDARD = "gnu++20";
				CLANG_ENABLE_MODULES = YES;
				CLANG_ENABLE_OBJC_ARC = YES;
				CLANG_ENABLE_OBJC_WEAK = YES;
				CLANG_WARN_BLOCK_CAPTURE_AUTORELEASING = YES;
				CLANG_WARN_BOOL_CONVERSION = YES;
				CLANG_WARN_COMMA = YES;
				CLANG_WARN_CONSTANT_CONVERSION = YES;
				CLANG_WARN_DEPRECATED_OBJC_IMPLEMENTATIONS = YES;
				CLANG_WARN_DIRECT_OBJC_ISA_USAGE = YES_ERROR;
				CLANG_WARN_DOCUMENTATION_COMMENTS = YES;
				CLANG_WARN_EMPTY_BODY = YES;
				CLANG_WARN_ENUM_CONVERSION = YES;
				CLANG_WARN_INFINITE_RECURSION = YES;
				CLANG_WARN_INT_CONVERSION = YES;
				CLANG_WARN_NON_LITERAL_NULL_CONVERSION = YES;
				CLANG_WARN_OBJC_IMPLICIT_RETAIN_SELF = YES;
				CLANG_WARN_OBJC_LITERAL_CONVERSION = YES;
				CLANG_WARN_OBJC_ROOT_CLASS = YES_ERROR;
				CLANG_WARN_QUOTED_INCLUDE_IN_FRAMEWORK_HEADER = YES;
				CLANG_WARN_RANGE_LOOP_ANALYSIS = YES;
				CLANG_WARN_STRICT_PROTOTYPES = YES;
				CLANG_WARN_SUSPICIOUS_MOVE = YES;
				CLANG_WARN_UNGUARDED_AVAILABILITY = YES_AGGRESSIVE;
				CLANG_WARN_UNREACHABLE_CODE = YES;
				CLANG_WARN__DUPLICATE_METHOD_MATCH = YES;
				COPY_PHASE_STRIP = NO;
				DEBUG_INFORMATION_FORMAT = "dwarf-with-dsym";
				ENABLE_NS_ASSERTIONS = NO;
				ENABLE_STRICT_OBJC_MSGSEND = YES;
				ENABLE_USER_SCRIPT_SANDBOXING = YES;
				GCC_C_LANGUAGE_STANDARD = gnu17;
				GCC_NO_COMMON_BLOCKS = YES;
				GCC_WARN_64_TO_32_BIT_CONVERSION = YES;
				GCC_WARN_ABOUT_RETURN_TYPE = YES_ERROR;
				GCC_WARN_UNDECLARED_SELECTOR = YES;
				GCC_WARN_UNINITIALIZED_AUTOS = YES_AGGRESSIVE;
				GCC_WARN_UNUSED_FUNCTION = YES;
				GCC_WARN_UNUSED_VARIABLE = YES;
				IPHONEOS_DEPLOYMENT_TARGET = 14.1;
				LOCALIZATION_PREFERS_STRING_CATALOGS = YES;
				MTL_ENABLE_DEBUG_INFO = NO;
				MTL_FAST_MATH = YES;
				SDKROOT = iphoneos;
				SWIFT_COMPILATION_MODE = wholemodule;
				VALIDATE_PRODUCT = YES;
			};
			name = Release;
		};
		5D0278712C2AA91000F2A4EB /* Debug */ = {
			isa = XCBuildConfiguration;
			buildSettings = {
				ASSETCATALOG_COMPILER_APPICON_NAME = AppIcon;
				ASSETCATALOG_COMPILER_GLOBAL_ACCENT_COLOR_NAME = AccentColor;
				CODE_SIGN_STYLE = Automatic;
				CURRENT_PROJECT_VERSION = 1;
				DEVELOPMENT_TEAM = N8W395F695;
				GENERATE_INFOPLIST_FILE = YES;
				INFOPLIST_FILE = "Production/GovUK-UIComponents/Info.plist";
				INFOPLIST_KEY_UIApplicationSupportsIndirectInputEvents = YES;
				INFOPLIST_KEY_UILaunchStoryboardName = LaunchScreen;
				INFOPLIST_KEY_UIMainStoryboardFile = Main;
				INFOPLIST_KEY_UISupportedInterfaceOrientations_iPad = "UIInterfaceOrientationPortrait UIInterfaceOrientationPortraitUpsideDown UIInterfaceOrientationLandscapeLeft UIInterfaceOrientationLandscapeRight";
				INFOPLIST_KEY_UISupportedInterfaceOrientations_iPhone = "UIInterfaceOrientationPortrait UIInterfaceOrientationLandscapeLeft UIInterfaceOrientationLandscapeRight";
				LD_RUNPATH_SEARCH_PATHS = (
					"$(inherited)",
					"@executable_path/Frameworks",
				);
				MARKETING_VERSION = 0.0.1;
				PRODUCT_BUNDLE_IDENTIFIER = uk.gov.govuk.uicomponents;
				PRODUCT_NAME = "$(TARGET_NAME)";
				SWIFT_EMIT_LOC_STRINGS = YES;
				SWIFT_VERSION = 5.0;
				TARGETED_DEVICE_FAMILY = "1,2";
			};
			name = Debug;
		};
		5D0278722C2AA91000F2A4EB /* Release */ = {
			isa = XCBuildConfiguration;
			buildSettings = {
				ASSETCATALOG_COMPILER_APPICON_NAME = AppIcon;
				ASSETCATALOG_COMPILER_GLOBAL_ACCENT_COLOR_NAME = AccentColor;
				CODE_SIGN_STYLE = Automatic;
				CURRENT_PROJECT_VERSION = 1;
				DEVELOPMENT_TEAM = N8W395F695;
				GENERATE_INFOPLIST_FILE = YES;
				INFOPLIST_FILE = "Production/GovUK-UIComponents/Info.plist";
				INFOPLIST_KEY_UIApplicationSupportsIndirectInputEvents = YES;
				INFOPLIST_KEY_UILaunchStoryboardName = LaunchScreen;
				INFOPLIST_KEY_UIMainStoryboardFile = Main;
				INFOPLIST_KEY_UISupportedInterfaceOrientations_iPad = "UIInterfaceOrientationPortrait UIInterfaceOrientationPortraitUpsideDown UIInterfaceOrientationLandscapeLeft UIInterfaceOrientationLandscapeRight";
				INFOPLIST_KEY_UISupportedInterfaceOrientations_iPhone = "UIInterfaceOrientationPortrait UIInterfaceOrientationLandscapeLeft UIInterfaceOrientationLandscapeRight";
				LD_RUNPATH_SEARCH_PATHS = (
					"$(inherited)",
					"@executable_path/Frameworks",
				);
				MARKETING_VERSION = 0.0.1;
				PRODUCT_BUNDLE_IDENTIFIER = uk.gov.govuk.uicomponents;
				PRODUCT_NAME = "$(TARGET_NAME)";
				SWIFT_EMIT_LOC_STRINGS = YES;
				SWIFT_VERSION = 5.0;
				TARGETED_DEVICE_FAMILY = "1,2";
			};
			name = Release;
		};
		5D0278742C2AA91000F2A4EB /* Debug */ = {
			isa = XCBuildConfiguration;
			buildSettings = {
				ALWAYS_EMBED_SWIFT_STANDARD_LIBRARIES = YES;
				BUNDLE_LOADER = "$(TEST_HOST)";
				CODE_SIGN_STYLE = Automatic;
				CURRENT_PROJECT_VERSION = 1;
				DEVELOPMENT_TEAM = N8W395F695;
				GENERATE_INFOPLIST_FILE = YES;
				IPHONEOS_DEPLOYMENT_TARGET = 17.5;
				MARKETING_VERSION = 1.0;
				PRODUCT_BUNDLE_IDENTIFIER = "uk.gov.GovUK-UIComponentsTests";
				PRODUCT_NAME = "$(TARGET_NAME)";
				SWIFT_EMIT_LOC_STRINGS = NO;
				SWIFT_VERSION = 5.0;
				TARGETED_DEVICE_FAMILY = "1,2";
				TEST_HOST = "$(BUILT_PRODUCTS_DIR)/govuk_uicomponents_ios.app/$(BUNDLE_EXECUTABLE_FOLDER_PATH)/govuk_uicomponents_ios";
			};
			name = Debug;
		};
		5D0278752C2AA91000F2A4EB /* Release */ = {
			isa = XCBuildConfiguration;
			buildSettings = {
				ALWAYS_EMBED_SWIFT_STANDARD_LIBRARIES = YES;
				BUNDLE_LOADER = "$(TEST_HOST)";
				CODE_SIGN_STYLE = Automatic;
				CURRENT_PROJECT_VERSION = 1;
				DEVELOPMENT_TEAM = N8W395F695;
				GENERATE_INFOPLIST_FILE = YES;
				IPHONEOS_DEPLOYMENT_TARGET = 17.5;
				MARKETING_VERSION = 1.0;
				PRODUCT_BUNDLE_IDENTIFIER = "uk.gov.GovUK-UIComponentsTests";
				PRODUCT_NAME = "$(TARGET_NAME)";
				SWIFT_EMIT_LOC_STRINGS = NO;
				SWIFT_VERSION = 5.0;
				TARGETED_DEVICE_FAMILY = "1,2";
				TEST_HOST = "$(BUILT_PRODUCTS_DIR)/govuk_uicomponents_ios.app/$(BUNDLE_EXECUTABLE_FOLDER_PATH)/govuk_uicomponents_ios";
			};
			name = Release;
		};
		5D0278772C2AA91000F2A4EB /* Debug */ = {
			isa = XCBuildConfiguration;
			buildSettings = {
				ALWAYS_EMBED_SWIFT_STANDARD_LIBRARIES = YES;
				CODE_SIGN_STYLE = Automatic;
				CURRENT_PROJECT_VERSION = 1;
				DEVELOPMENT_TEAM = N8W395F695;
				GENERATE_INFOPLIST_FILE = YES;
				MARKETING_VERSION = 1.0;
				PRODUCT_BUNDLE_IDENTIFIER = "uk.gov.GovUK-UIComponentsUITests";
				PRODUCT_NAME = "$(TARGET_NAME)";
				SWIFT_EMIT_LOC_STRINGS = NO;
				SWIFT_VERSION = 5.0;
				TARGETED_DEVICE_FAMILY = "1,2";
				TEST_TARGET_NAME = "GovUK-UIComponents";
			};
			name = Debug;
		};
		5D0278782C2AA91000F2A4EB /* Release */ = {
			isa = XCBuildConfiguration;
			buildSettings = {
				ALWAYS_EMBED_SWIFT_STANDARD_LIBRARIES = YES;
				CODE_SIGN_STYLE = Automatic;
				CURRENT_PROJECT_VERSION = 1;
				DEVELOPMENT_TEAM = N8W395F695;
				GENERATE_INFOPLIST_FILE = YES;
				MARKETING_VERSION = 1.0;
				PRODUCT_BUNDLE_IDENTIFIER = "uk.gov.GovUK-UIComponentsUITests";
				PRODUCT_NAME = "$(TARGET_NAME)";
				SWIFT_EMIT_LOC_STRINGS = NO;
				SWIFT_VERSION = 5.0;
				TARGETED_DEVICE_FAMILY = "1,2";
				TEST_TARGET_NAME = "GovUK-UIComponents";
			};
			name = Release;
		};
/* End XCBuildConfiguration section */

/* Begin XCConfigurationList section */
		5D0278412C2AA90900F2A4EB /* Build configuration list for PBXProject "GovUK-UIComponents" */ = {
			isa = XCConfigurationList;
			buildConfigurations = (
				5D02786E2C2AA91000F2A4EB /* Debug */,
				5D02786F2C2AA91000F2A4EB /* Release */,
			);
			defaultConfigurationIsVisible = 0;
			defaultConfigurationName = Release;
		};
		5D0278702C2AA91000F2A4EB /* Build configuration list for PBXNativeTarget "govuk_uicomponents_ios" */ = {
			isa = XCConfigurationList;
			buildConfigurations = (
				5D0278712C2AA91000F2A4EB /* Debug */,
				5D0278722C2AA91000F2A4EB /* Release */,
			);
			defaultConfigurationIsVisible = 0;
			defaultConfigurationName = Release;
		};
		5D0278732C2AA91000F2A4EB /* Build configuration list for PBXNativeTarget "govuk_uicomponents_ios_unit_tests" */ = {
			isa = XCConfigurationList;
			buildConfigurations = (
				5D0278742C2AA91000F2A4EB /* Debug */,
				5D0278752C2AA91000F2A4EB /* Release */,
			);
			defaultConfigurationIsVisible = 0;
			defaultConfigurationName = Release;
		};
		5D0278762C2AA91000F2A4EB /* Build configuration list for PBXNativeTarget "govuk_uicomponents_ios_ui_tests" */ = {
			isa = XCConfigurationList;
			buildConfigurations = (
				5D0278772C2AA91000F2A4EB /* Debug */,
				5D0278782C2AA91000F2A4EB /* Release */,
			);
			defaultConfigurationIsVisible = 0;
			defaultConfigurationName = Release;
		};
/* End XCConfigurationList section */
	};
	rootObject = 5D02783E2C2AA90900F2A4EB /* Project object */;
}
