// !$*UTF8*$!
{
	archiveVersion = 1;
	classes = {
	};
	objectVersion = 70;
	objects = {

/* Begin PBXBuildFile section */
		5D02784A2C2AA90900F2A4EB /* AppDelegate.swift in Sources */ = {isa = PBXBuildFile; fileRef = 5D0278492C2AA90900F2A4EB /* AppDelegate.swift */; };
		5D02784C2C2AA90900F2A4EB /* SceneDelegate.swift in Sources */ = {isa = PBXBuildFile; fileRef = 5D02784B2C2AA90900F2A4EB /* SceneDelegate.swift */; };
		5D02784E2C2AA90900F2A4EB /* ViewController.swift in Sources */ = {isa = PBXBuildFile; fileRef = 5D02784D2C2AA90900F2A4EB /* ViewController.swift */; };
		5D0278532C2AA90F00F2A4EB /* Assets.xcassets in Resources */ = {isa = PBXBuildFile; fileRef = 5D0278522C2AA90F00F2A4EB /* Assets.xcassets */; };
		5D0278562C2AA90F00F2A4EB /* Base in Resources */ = {isa = PBXBuildFile; fileRef = 5D0278552C2AA90F00F2A4EB /* Base */; };
		5D71C0DA2C2AD02F00E25DA5 /* UIComponents in Frameworks */ = {isa = PBXBuildFile; productRef = 5D71C0D92C2AD02F00E25DA5 /* UIComponents */; };
		5DB0C0772CC2486F00C4E010 /* iOSSnapshotTestCase in Frameworks */ = {isa = PBXBuildFile; productRef = 5DB0C0762CC2486F00C4E010 /* iOSSnapshotTestCase */; };
		5DD6F2FE2CC28207005BC5D3 /* SwiftUIComponentsScreen.swift in Sources */ = {isa = PBXBuildFile; fileRef = 5DD6F2FD2CC28207005BC5D3 /* SwiftUIComponentsScreen.swift */; };
		5DD6F3002CC28298005BC5D3 /* ButtonStateViewController.swift in Sources */ = {isa = PBXBuildFile; fileRef = 5DD6F2FF2CC28298005BC5D3 /* ButtonStateViewController.swift */; };
		5DD6F30F2CC28F2B005BC5D3 /* SwiftUIButtonStateView.swift in Sources */ = {isa = PBXBuildFile; fileRef = 5DD6F30E2CC28F2B005BC5D3 /* SwiftUIButtonStateView.swift */; };
		9681C3162C402CC20094661E /* HostingViewController.swift in Sources */ = {isa = PBXBuildFile; fileRef = 9681C3152C402CC20094661E /* HostingViewController.swift */; };
		B0FAEDFD2D53794200A1D486 /* TestSelectionViewController.swift in Sources */ = {isa = PBXBuildFile; fileRef = B0FAEDEB2D525DA000A1D486 /* TestSelectionViewController.swift */; };
		B0FAEDFE2D53794900A1D486 /* ButtonTestingViewController.swift in Sources */ = {isa = PBXBuildFile; fileRef = B0FAEDE72D525DA000A1D486 /* ButtonTestingViewController.swift */; };
		B0FAEDFF2D53795100A1D486 /* FontTestingViewController.swift in Sources */ = {isa = PBXBuildFile; fileRef = B0FAEDE92D525DA000A1D486 /* FontTestingViewController.swift */; };
		B0FAEE012D53B8E800A1D486 /* FillsColoursViewController.swift in Sources */ = {isa = PBXBuildFile; fileRef = B0FAEE002D53B8E800A1D486 /* FillsColoursViewController.swift */; };
		B0FAF1CD2D5CA19800A1D486 /* ColourSelectionViewController.swift in Sources */ = {isa = PBXBuildFile; fileRef = B0FAF1CC2D5CA19800A1D486 /* ColourSelectionViewController.swift */; };
		B0FAF1CF2D5CA43800A1D486 /* StrokesColoursViewController.swift in Sources */ = {isa = PBXBuildFile; fileRef = B0FAF1CE2D5CA43800A1D486 /* StrokesColoursViewController.swift */; };
		B0FAF1D12D5CA7AD00A1D486 /* TextColoursViewController.swift in Sources */ = {isa = PBXBuildFile; fileRef = B0FAF1D02D5CA7AD00A1D486 /* TextColoursViewController.swift */; };
/* End PBXBuildFile section */

/* Begin PBXContainerItemProxy section */
		5D02785D2C2AA91000F2A4EB /* PBXContainerItemProxy */ = {
			isa = PBXContainerItemProxy;
			containerPortal = 5D02783E2C2AA90900F2A4EB /* Project object */;
			proxyType = 1;
			remoteGlobalIDString = 5D0278452C2AA90900F2A4EB;
			remoteInfo = "GovUK-UIComponents";
		};
		5D0278672C2AA91000F2A4EB /* PBXContainerItemProxy */ = {
			isa = PBXContainerItemProxy;
			containerPortal = 5D02783E2C2AA90900F2A4EB /* Project object */;
			proxyType = 1;
			remoteGlobalIDString = 5D0278452C2AA90900F2A4EB;
			remoteInfo = "GovUK-UIComponents";
		};
		5DB0C0702CC247F200C4E010 /* PBXContainerItemProxy */ = {
			isa = PBXContainerItemProxy;
			containerPortal = 5D02783E2C2AA90900F2A4EB /* Project object */;
			proxyType = 1;
			remoteGlobalIDString = 5D0278452C2AA90900F2A4EB;
			remoteInfo = govuk_uicomponents_ios;
		};
/* End PBXContainerItemProxy section */

/* Begin PBXFileReference section */
		5D0278462C2AA90900F2A4EB /* govuk_uicomponents_ios.app */ = {isa = PBXFileReference; explicitFileType = wrapper.application; includeInIndex = 0; path = govuk_uicomponents_ios.app; sourceTree = BUILT_PRODUCTS_DIR; };
		5D0278492C2AA90900F2A4EB /* AppDelegate.swift */ = {isa = PBXFileReference; lastKnownFileType = sourcecode.swift; path = AppDelegate.swift; sourceTree = "<group>"; };
		5D02784B2C2AA90900F2A4EB /* SceneDelegate.swift */ = {isa = PBXFileReference; lastKnownFileType = sourcecode.swift; path = SceneDelegate.swift; sourceTree = "<group>"; };
		5D02784D2C2AA90900F2A4EB /* ViewController.swift */ = {isa = PBXFileReference; lastKnownFileType = sourcecode.swift; path = ViewController.swift; sourceTree = "<group>"; };
		5D0278522C2AA90F00F2A4EB /* Assets.xcassets */ = {isa = PBXFileReference; lastKnownFileType = folder.assetcatalog; path = Assets.xcassets; sourceTree = "<group>"; };
		5D0278552C2AA90F00F2A4EB /* Base */ = {isa = PBXFileReference; lastKnownFileType = file.storyboard; name = Base; path = Base.lproj/LaunchScreen.storyboard; sourceTree = "<group>"; };
		5D0278572C2AA90F00F2A4EB /* Info.plist */ = {isa = PBXFileReference; lastKnownFileType = text.plist.xml; path = Info.plist; sourceTree = "<group>"; };
		5D02785C2C2AA91000F2A4EB /* govuk_uicomponents_ios_unit_tests.xctest */ = {isa = PBXFileReference; explicitFileType = wrapper.cfbundle; includeInIndex = 0; path = govuk_uicomponents_ios_unit_tests.xctest; sourceTree = BUILT_PRODUCTS_DIR; };
		5D0278662C2AA91000F2A4EB /* govuk_uicomponents_ios_ui_tests.xctest */ = {isa = PBXFileReference; explicitFileType = wrapper.cfbundle; includeInIndex = 0; path = govuk_uicomponents_ios_ui_tests.xctest; sourceTree = BUILT_PRODUCTS_DIR; };
		5DB0C06C2CC247F200C4E010 /* govuk_uicomponents_ios_snapshot_tests.xctest */ = {isa = PBXFileReference; explicitFileType = wrapper.cfbundle; includeInIndex = 0; path = govuk_uicomponents_ios_snapshot_tests.xctest; sourceTree = BUILT_PRODUCTS_DIR; };
		5DD6F2FD2CC28207005BC5D3 /* SwiftUIComponentsScreen.swift */ = {isa = PBXFileReference; lastKnownFileType = sourcecode.swift; path = SwiftUIComponentsScreen.swift; sourceTree = "<group>"; };
		5DD6F2FF2CC28298005BC5D3 /* ButtonStateViewController.swift */ = {isa = PBXFileReference; lastKnownFileType = sourcecode.swift; path = ButtonStateViewController.swift; sourceTree = "<group>"; };
		5DD6F30E2CC28F2B005BC5D3 /* SwiftUIButtonStateView.swift */ = {isa = PBXFileReference; lastKnownFileType = sourcecode.swift; path = SwiftUIButtonStateView.swift; sourceTree = "<group>"; };
		9681C3152C402CC20094661E /* HostingViewController.swift */ = {isa = PBXFileReference; fileEncoding = 4; lastKnownFileType = sourcecode.swift; path = HostingViewController.swift; sourceTree = "<group>"; };
		B0FAEDE72D525DA000A1D486 /* ButtonTestingViewController.swift */ = {isa = PBXFileReference; lastKnownFileType = sourcecode.swift; path = ButtonTestingViewController.swift; sourceTree = "<group>"; };
		B0FAEDE92D525DA000A1D486 /* FontTestingViewController.swift */ = {isa = PBXFileReference; lastKnownFileType = sourcecode.swift; path = FontTestingViewController.swift; sourceTree = "<group>"; };
		B0FAEDEB2D525DA000A1D486 /* TestSelectionViewController.swift */ = {isa = PBXFileReference; lastKnownFileType = sourcecode.swift; path = TestSelectionViewController.swift; sourceTree = "<group>"; };
		B0FAEE002D53B8E800A1D486 /* FillsColoursViewController.swift */ = {isa = PBXFileReference; lastKnownFileType = sourcecode.swift; path = FillsColoursViewController.swift; sourceTree = "<group>"; };
		B0FAF1CC2D5CA19800A1D486 /* ColourSelectionViewController.swift */ = {isa = PBXFileReference; lastKnownFileType = sourcecode.swift; path = ColourSelectionViewController.swift; sourceTree = "<group>"; };
		B0FAF1CE2D5CA43800A1D486 /* StrokesColoursViewController.swift */ = {isa = PBXFileReference; lastKnownFileType = sourcecode.swift; path = StrokesColoursViewController.swift; sourceTree = "<group>"; };
		B0FAF1D02D5CA7AD00A1D486 /* TextColoursViewController.swift */ = {isa = PBXFileReference; lastKnownFileType = sourcecode.swift; path = TextColoursViewController.swift; sourceTree = "<group>"; };
/* End PBXFileReference section */

/* Begin PBXFileSystemSynchronizedBuildFileExceptionSet section */
		5DFBF3412CD0E8F900961CD3 /* PBXFileSystemSynchronizedBuildFileExceptionSet */ = {
			isa = PBXFileSystemSynchronizedBuildFileExceptionSet;
			membershipExceptions = (
				govuk_uicomponents_ios/govuk_uicomponents_ios_unit_tests/GovUK_UIComponentsTests.swift,
			);
			target = 5D02785B2C2AA91000F2A4EB /* govuk_uicomponents_ios_unit_tests */;
		};
		5DFBF3422CD0E8F900961CD3 /* PBXFileSystemSynchronizedBuildFileExceptionSet */ = {
			isa = PBXFileSystemSynchronizedBuildFileExceptionSet;
			membershipExceptions = (
				govuk_uicomponents_ios/govuk_uicomponents_ios_ui_tests/GovUK_UIComponentsUITests.swift,
				govuk_uicomponents_ios/govuk_uicomponents_ios_ui_tests/GovUK_UIComponentsUITestsLaunchTests.swift,
			);
			target = 5D0278652C2AA91000F2A4EB /* govuk_uicomponents_ios_ui_tests */;
		};
		5DFBF3432CD0E8F900961CD3 /* PBXFileSystemSynchronizedBuildFileExceptionSet */ = {
			isa = PBXFileSystemSynchronizedBuildFileExceptionSet;
			membershipExceptions = (
				govuk_uicomponents_ios/govuk_uicomponents_ios_snapshot_tests/SnapshotTestCase.swift,
				govuk_uicomponents_ios/govuk_uicomponents_ios_snapshot_tests/Specs/CentreCardViewSnapshotTests.swift,
				govuk_uicomponents_ios/govuk_uicomponents_ios_snapshot_tests/Specs/GOVUKButtonSnapshotTests.swift,
				govuk_uicomponents_ios/govuk_uicomponents_ios_snapshot_tests/Specs/GOVUKUIComponentsSnapshotTests.swift,
				govuk_uicomponents_ios/govuk_uicomponents_ios_snapshot_tests/Specs/SectionHeaderLabelViewSnapshotTests.swift,
				govuk_uicomponents_ios/govuk_uicomponents_ios_snapshot_tests/Specs/SwiftUIButtonSnapshotTests.swift,
			);
			target = 5DB0C06B2CC247F200C4E010 /* govuk_uicomponents_ios_snapshot_tests */;
		};
/* End PBXFileSystemSynchronizedBuildFileExceptionSet section */

/* Begin PBXFileSystemSynchronizedRootGroup section */
		5DFBF33B2CD0E8F900961CD3 /* Tests */ = {isa = PBXFileSystemSynchronizedRootGroup; exceptions = (5DFBF3412CD0E8F900961CD3 /* PBXFileSystemSynchronizedBuildFileExceptionSet */, 5DFBF3422CD0E8F900961CD3 /* PBXFileSystemSynchronizedBuildFileExceptionSet */, 5DFBF3432CD0E8F900961CD3 /* PBXFileSystemSynchronizedBuildFileExceptionSet */, ); explicitFileTypes = {}; explicitFolders = (); path = Tests; sourceTree = "<group>"; };
/* End PBXFileSystemSynchronizedRootGroup section */

/* Begin PBXFrameworksBuildPhase section */
		5D0278432C2AA90900F2A4EB /* Frameworks */ = {
			isa = PBXFrameworksBuildPhase;
			buildActionMask = 2147483647;
			files = (
				5D71C0DA2C2AD02F00E25DA5 /* UIComponents in Frameworks */,
			);
			runOnlyForDeploymentPostprocessing = 0;
		};
		5D0278592C2AA91000F2A4EB /* Frameworks */ = {
			isa = PBXFrameworksBuildPhase;
			buildActionMask = 2147483647;
			files = (
			);
			runOnlyForDeploymentPostprocessing = 0;
		};
		5D0278632C2AA91000F2A4EB /* Frameworks */ = {
			isa = PBXFrameworksBuildPhase;
			buildActionMask = 2147483647;
			files = (
			);
			runOnlyForDeploymentPostprocessing = 0;
		};
		5DB0C0692CC247F200C4E010 /* Frameworks */ = {
			isa = PBXFrameworksBuildPhase;
			buildActionMask = 2147483647;
			files = (
				5DB0C0772CC2486F00C4E010 /* iOSSnapshotTestCase in Frameworks */,
			);
			runOnlyForDeploymentPostprocessing = 0;
		};
/* End PBXFrameworksBuildPhase section */

/* Begin PBXGroup section */
		5D02783D2C2AA90900F2A4EB = {
			isa = PBXGroup;
			children = (
				5D7240F82C2AAD2C00B2D70A /* Production */,
				5DFBF33B2CD0E8F900961CD3 /* Tests */,
				5D0278472C2AA90900F2A4EB /* Products */,
				5D71C0D82C2AD02F00E25DA5 /* Frameworks */,
			);
			sourceTree = "<group>";
		};
		5D0278472C2AA90900F2A4EB /* Products */ = {
			isa = PBXGroup;
			children = (
				5D0278462C2AA90900F2A4EB /* govuk_uicomponents_ios.app */,
				5D02785C2C2AA91000F2A4EB /* govuk_uicomponents_ios_unit_tests.xctest */,
				5D0278662C2AA91000F2A4EB /* govuk_uicomponents_ios_ui_tests.xctest */,
				5DB0C06C2CC247F200C4E010 /* govuk_uicomponents_ios_snapshot_tests.xctest */,
			);
			name = Products;
			sourceTree = "<group>";
		};
		5D0278482C2AA90900F2A4EB /* govuk_uicomponents_ios */ = {
			isa = PBXGroup;
			children = (
				5DA285F42C2ABCE200C1B88D /* Resources */,
				5DA285F32C2ABCC600C1B88D /* Storyboards */,
				5DA285F22C2ABC9F00C1B88D /* SupportingFiles */,
				5DA285F52C2ABCED00C1B88D /* ViewControllers */,
			);
			path = govuk_uicomponents_ios;
			sourceTree = "<group>";
		};
		5D71C0D82C2AD02F00E25DA5 /* Frameworks */ = {
			isa = PBXGroup;
			children = (
			);
			name = Frameworks;
			sourceTree = "<group>";
		};
		5D7240F82C2AAD2C00B2D70A /* Production */ = {
			isa = PBXGroup;
			children = (
				5D0278482C2AA90900F2A4EB /* govuk_uicomponents_ios */,
			);
			path = Production;
			sourceTree = "<group>";
		};
		5DA285F22C2ABC9F00C1B88D /* SupportingFiles */ = {
			isa = PBXGroup;
			children = (
				5D0278492C2AA90900F2A4EB /* AppDelegate.swift */,
				5D0278572C2AA90F00F2A4EB /* Info.plist */,
				5D02784B2C2AA90900F2A4EB /* SceneDelegate.swift */,
			);
			path = SupportingFiles;
			sourceTree = "<group>";
		};
		5DA285F32C2ABCC600C1B88D /* Storyboards */ = {
			isa = PBXGroup;
			children = (
				5D0278542C2AA90F00F2A4EB /* LaunchScreen.storyboard */,
			);
			path = Storyboards;
			sourceTree = "<group>";
		};
		5DA285F42C2ABCE200C1B88D /* Resources */ = {
			isa = PBXGroup;
			children = (
				9681C3152C402CC20094661E /* HostingViewController.swift */,
				5D0278522C2AA90F00F2A4EB /* Assets.xcassets */,
			);
			path = Resources;
			sourceTree = "<group>";
		};
		5DA285F52C2ABCED00C1B88D /* ViewControllers */ = {
			isa = PBXGroup;
			children = (
				5DD6F2FD2CC28207005BC5D3 /* SwiftUIComponentsScreen.swift */,
				5DD6F30E2CC28F2B005BC5D3 /* SwiftUIButtonStateView.swift */,
				5D02784D2C2AA90900F2A4EB /* ViewController.swift */,
				5DD6F2FF2CC28298005BC5D3 /* ButtonStateViewController.swift */,
				B0FAEDE72D525DA000A1D486 /* ButtonTestingViewController.swift */,
				B0FAEDE92D525DA000A1D486 /* FontTestingViewController.swift */,
				B0FAEDEB2D525DA000A1D486 /* TestSelectionViewController.swift */,
				B0FAF1CC2D5CA19800A1D486 /* ColourSelectionViewController.swift */,
				B0FAF1CE2D5CA43800A1D486 /* StrokesColoursViewController.swift */,
				B0FAEE002D53B8E800A1D486 /* FillsColoursViewController.swift */,
				B0FAF1D02D5CA7AD00A1D486 /* TextColoursViewController.swift */,
			);
			path = ViewControllers;
			sourceTree = "<group>";
		};
/* End PBXGroup section */

/* Begin PBXNativeTarget section */
		5D0278452C2AA90900F2A4EB /* govuk_uicomponents_ios */ = {
			isa = PBXNativeTarget;
			buildConfigurationList = 5D0278702C2AA91000F2A4EB /* Build configuration list for PBXNativeTarget "govuk_uicomponents_ios" */;
			buildPhases = (
				5D7A413F2C2AE5B400EDE7C6 /* Lint */,
				5D0278422C2AA90900F2A4EB /* Sources */,
				5D0278432C2AA90900F2A4EB /* Frameworks */,
				5D0278442C2AA90900F2A4EB /* Resources */,
			);
			buildRules = (
			);
			dependencies = (
			);
			name = govuk_uicomponents_ios;
			packageProductDependencies = (
				5D71C0D92C2AD02F00E25DA5 /* UIComponents */,
			);
			productName = "GovUK-UIComponents";
			productReference = 5D0278462C2AA90900F2A4EB /* govuk_uicomponents_ios.app */;
			productType = "com.apple.product-type.application";
		};
		5D02785B2C2AA91000F2A4EB /* govuk_uicomponents_ios_unit_tests */ = {
			isa = PBXNativeTarget;
			buildConfigurationList = 5D0278732C2AA91000F2A4EB /* Build configuration list for PBXNativeTarget "govuk_uicomponents_ios_unit_tests" */;
			buildPhases = (
				5D0278582C2AA91000F2A4EB /* Sources */,
				5D0278592C2AA91000F2A4EB /* Frameworks */,
				5D02785A2C2AA91000F2A4EB /* Resources */,
			);
			buildRules = (
			);
			dependencies = (
				5D02785E2C2AA91000F2A4EB /* PBXTargetDependency */,
			);
			name = govuk_uicomponents_ios_unit_tests;
			productName = "GovUK-UIComponentsTests";
			productReference = 5D02785C2C2AA91000F2A4EB /* govuk_uicomponents_ios_unit_tests.xctest */;
			productType = "com.apple.product-type.bundle.unit-test";
		};
		5D0278652C2AA91000F2A4EB /* govuk_uicomponents_ios_ui_tests */ = {
			isa = PBXNativeTarget;
			buildConfigurationList = 5D0278762C2AA91000F2A4EB /* Build configuration list for PBXNativeTarget "govuk_uicomponents_ios_ui_tests" */;
			buildPhases = (
				5D0278622C2AA91000F2A4EB /* Sources */,
				5D0278632C2AA91000F2A4EB /* Frameworks */,
				5D0278642C2AA91000F2A4EB /* Resources */,
			);
			buildRules = (
			);
			dependencies = (
				5D0278682C2AA91000F2A4EB /* PBXTargetDependency */,
			);
			name = govuk_uicomponents_ios_ui_tests;
			productName = "GovUK-UIComponentsUITests";
			productReference = 5D0278662C2AA91000F2A4EB /* govuk_uicomponents_ios_ui_tests.xctest */;
			productType = "com.apple.product-type.bundle.ui-testing";
		};
		5DB0C06B2CC247F200C4E010 /* govuk_uicomponents_ios_snapshot_tests */ = {
			isa = PBXNativeTarget;
			buildConfigurationList = 5DB0C0742CC247F200C4E010 /* Build configuration list for PBXNativeTarget "govuk_uicomponents_ios_snapshot_tests" */;
			buildPhases = (
				5DB0C0682CC247F200C4E010 /* Sources */,
				5DB0C0692CC247F200C4E010 /* Frameworks */,
				5DB0C06A2CC247F200C4E010 /* Resources */,
			);
			buildRules = (
			);
			dependencies = (
				5DB0C0712CC247F200C4E010 /* PBXTargetDependency */,
			);
			name = govuk_uicomponents_ios_snapshot_tests;
			packageProductDependencies = (
				5DB0C0762CC2486F00C4E010 /* iOSSnapshotTestCase */,
			);
			productName = govuk_uicomponents_ios_snapshot_tests;
			productReference = 5DB0C06C2CC247F200C4E010 /* govuk_uicomponents_ios_snapshot_tests.xctest */;
			productType = "com.apple.product-type.bundle.unit-test";
		};
/* End PBXNativeTarget section */

/* Begin PBXProject section */
		5D02783E2C2AA90900F2A4EB /* Project object */ = {
			isa = PBXProject;
			attributes = {
				BuildIndependentTargetsInParallel = 1;
				LastSwiftUpdateCheck = 1600;
				LastUpgradeCheck = 2610;
				TargetAttributes = {
					5D0278452C2AA90900F2A4EB = {
						CreatedOnToolsVersion = 15.4;
					};
					5D02785B2C2AA91000F2A4EB = {
						CreatedOnToolsVersion = 15.4;
						TestTargetID = 5D0278452C2AA90900F2A4EB;
					};
					5D0278652C2AA91000F2A4EB = {
						CreatedOnToolsVersion = 15.4;
						TestTargetID = 5D0278452C2AA90900F2A4EB;
					};
					5DB0C06B2CC247F200C4E010 = {
						CreatedOnToolsVersion = 16.0;
						TestTargetID = 5D0278452C2AA90900F2A4EB;
					};
				};
			};
			buildConfigurationList = 5D0278412C2AA90900F2A4EB /* Build configuration list for PBXProject "GovUK-UIComponents" */;
			compatibilityVersion = "Xcode 14.0";
			developmentRegion = en;
			hasScannedForEncodings = 0;
			knownRegions = (
				en,
				Base,
			);
			mainGroup = 5D02783D2C2AA90900F2A4EB;
			packageReferences = (
				5DB0C0752CC2486F00C4E010 /* XCRemoteSwiftPackageReference "ios-snapshot-test-case" */,
			);
			productRefGroup = 5D0278472C2AA90900F2A4EB /* Products */;
			projectDirPath = "";
			projectRoot = "";
			targets = (
				5D0278452C2AA90900F2A4EB /* govuk_uicomponents_ios */,
				5D02785B2C2AA91000F2A4EB /* govuk_uicomponents_ios_unit_tests */,
				5D0278652C2AA91000F2A4EB /* govuk_uicomponents_ios_ui_tests */,
				5DB0C06B2CC247F200C4E010 /* govuk_uicomponents_ios_snapshot_tests */,
			);
		};
/* End PBXProject section */

/* Begin PBXResourcesBuildPhase section */
		5D0278442C2AA90900F2A4EB /* Resources */ = {
			isa = PBXResourcesBuildPhase;
			buildActionMask = 2147483647;
			files = (
				5D0278532C2AA90F00F2A4EB /* Assets.xcassets in Resources */,
				5D0278562C2AA90F00F2A4EB /* Base in Resources */,
			);
			runOnlyForDeploymentPostprocessing = 0;
		};
		5D02785A2C2AA91000F2A4EB /* Resources */ = {
			isa = PBXResourcesBuildPhase;
			buildActionMask = 2147483647;
			files = (
			);
			runOnlyForDeploymentPostprocessing = 0;
		};
		5D0278642C2AA91000F2A4EB /* Resources */ = {
			isa = PBXResourcesBuildPhase;
			buildActionMask = 2147483647;
			files = (
			);
			runOnlyForDeploymentPostprocessing = 0;
		};
		5DB0C06A2CC247F200C4E010 /* Resources */ = {
			isa = PBXResourcesBuildPhase;
			buildActionMask = 2147483647;
			files = (
			);
			runOnlyForDeploymentPostprocessing = 0;
		};
/* End PBXResourcesBuildPhase section */

/* Begin PBXShellScriptBuildPhase section */
		5D7A413F2C2AE5B400EDE7C6 /* Lint */ = {
			isa = PBXShellScriptBuildPhase;
			alwaysOutOfDate = 1;
			buildActionMask = 2147483647;
			files = (
			);
			inputFileListPaths = (
			);
			inputPaths = (
			);
			name = Lint;
			outputFileListPaths = (
			);
			outputPaths = (
			);
			runOnlyForDeploymentPostprocessing = 0;
			shellPath = /bin/sh;
			shellScript = "if test -d \"/opt/homebrew/bin/\"; then\n  PATH=\"/opt/homebrew/bin/:${PATH}\"\nfi\n\nif which swiftlint >/dev/null; then\n    swiftlint --strict\nelse\n  echo \"warning: SwiftLint not installed, please run brew install swiftlint\"\nfi\n";
		};
/* End PBXShellScriptBuildPhase section */

/* Begin PBXSourcesBuildPhase section */
		5D0278422C2AA90900F2A4EB /* Sources */ = {
			isa = PBXSourcesBuildPhase;
			buildActionMask = 2147483647;
			files = (
				B0FAEE012D53B8E800A1D486 /* FillsColoursViewController.swift in Sources */,
				B0FAF1D12D5CA7AD00A1D486 /* TextColoursViewController.swift in Sources */,
				B0FAEDFF2D53795100A1D486 /* FontTestingViewController.swift in Sources */,
				5D02784E2C2AA90900F2A4EB /* ViewController.swift in Sources */,
				5DD6F2FE2CC28207005BC5D3 /* SwiftUIComponentsScreen.swift in Sources */,
				5DD6F30F2CC28F2B005BC5D3 /* SwiftUIButtonStateView.swift in Sources */,
				B0FAEDFD2D53794200A1D486 /* TestSelectionViewController.swift in Sources */,
				5DD6F3002CC28298005BC5D3 /* ButtonStateViewController.swift in Sources */,
				B0FAF1CD2D5CA19800A1D486 /* ColourSelectionViewController.swift in Sources */,
				B0FAF1CF2D5CA43800A1D486 /* StrokesColoursViewController.swift in Sources */,
				5D02784A2C2AA90900F2A4EB /* AppDelegate.swift in Sources */,
				9681C3162C402CC20094661E /* HostingViewController.swift in Sources */,
				5D02784C2C2AA90900F2A4EB /* SceneDelegate.swift in Sources */,
				B0FAEDFE2D53794900A1D486 /* ButtonTestingViewController.swift in Sources */,
			);
			runOnlyForDeploymentPostprocessing = 0;
		};
		5D0278582C2AA91000F2A4EB /* Sources */ = {
			isa = PBXSourcesBuildPhase;
			buildActionMask = 2147483647;
			files = (
			);
			runOnlyForDeploymentPostprocessing = 0;
		};
		5D0278622C2AA91000F2A4EB /* Sources */ = {
			isa = PBXSourcesBuildPhase;
			buildActionMask = 2147483647;
			files = (
			);
			runOnlyForDeploymentPostprocessing = 0;
		};
		5DB0C0682CC247F200C4E010 /* Sources */ = {
			isa = PBXSourcesBuildPhase;
			buildActionMask = 2147483647;
			files = (
			);
			runOnlyForDeploymentPostprocessing = 0;
		};
/* End PBXSourcesBuildPhase section */

/* Begin PBXTargetDependency section */
		5D02785E2C2AA91000F2A4EB /* PBXTargetDependency */ = {
			isa = PBXTargetDependency;
			target = 5D0278452C2AA90900F2A4EB /* govuk_uicomponents_ios */;
			targetProxy = 5D02785D2C2AA91000F2A4EB /* PBXContainerItemProxy */;
		};
		5D0278682C2AA91000F2A4EB /* PBXTargetDependency */ = {
			isa = PBXTargetDependency;
			target = 5D0278452C2AA90900F2A4EB /* govuk_uicomponents_ios */;
			targetProxy = 5D0278672C2AA91000F2A4EB /* PBXContainerItemProxy */;
		};
		5DB0C0712CC247F200C4E010 /* PBXTargetDependency */ = {
			isa = PBXTargetDependency;
			target = 5D0278452C2AA90900F2A4EB /* govuk_uicomponents_ios */;
			targetProxy = 5DB0C0702CC247F200C4E010 /* PBXContainerItemProxy */;
		};
/* End PBXTargetDependency section */

/* Begin PBXVariantGroup section */
		5D0278542C2AA90F00F2A4EB /* LaunchScreen.storyboard */ = {
			isa = PBXVariantGroup;
			children = (
				5D0278552C2AA90F00F2A4EB /* Base */,
			);
			name = LaunchScreen.storyboard;
			sourceTree = "<group>";
		};
/* End PBXVariantGroup section */

/* Begin XCBuildConfiguration section */
		5D02786E2C2AA91000F2A4EB /* Debug */ = {
			isa = XCBuildConfiguration;
			buildSettings = {
				ALWAYS_SEARCH_USER_PATHS = NO;
				ASSETCATALOG_COMPILER_GENERATE_SWIFT_ASSET_SYMBOL_EXTENSIONS = YES;
				CLANG_ANALYZER_NONNULL = YES;
				CLANG_ANALYZER_NUMBER_OBJECT_CONVERSION = YES_AGGRESSIVE;
				CLANG_CXX_LANGUAGE_STANDARD = "gnu++20";
				CLANG_ENABLE_MODULES = YES;
				CLANG_ENABLE_OBJC_ARC = YES;
				CLANG_ENABLE_OBJC_WEAK = YES;
				CLANG_WARN_BLOCK_CAPTURE_AUTORELEASING = YES;
				CLANG_WARN_BOOL_CONVERSION = YES;
				CLANG_WARN_COMMA = YES;
				CLANG_WARN_CONSTANT_CONVERSION = YES;
				CLANG_WARN_DEPRECATED_OBJC_IMPLEMENTATIONS = YES;
				CLANG_WARN_DIRECT_OBJC_ISA_USAGE = YES_ERROR;
				CLANG_WARN_DOCUMENTATION_COMMENTS = YES;
				CLANG_WARN_EMPTY_BODY = YES;
				CLANG_WARN_ENUM_CONVERSION = YES;
				CLANG_WARN_INFINITE_RECURSION = YES;
				CLANG_WARN_INT_CONVERSION = YES;
				CLANG_WARN_NON_LITERAL_NULL_CONVERSION = YES;
				CLANG_WARN_OBJC_IMPLICIT_RETAIN_SELF = YES;
				CLANG_WARN_OBJC_LITERAL_CONVERSION = YES;
				CLANG_WARN_OBJC_ROOT_CLASS = YES_ERROR;
				CLANG_WARN_QUOTED_INCLUDE_IN_FRAMEWORK_HEADER = YES;
				CLANG_WARN_RANGE_LOOP_ANALYSIS = YES;
				CLANG_WARN_STRICT_PROTOTYPES = YES;
				CLANG_WARN_SUSPICIOUS_MOVE = YES;
				CLANG_WARN_UNGUARDED_AVAILABILITY = YES_AGGRESSIVE;
				CLANG_WARN_UNREACHABLE_CODE = YES;
				CLANG_WARN__DUPLICATE_METHOD_MATCH = YES;
				COPY_PHASE_STRIP = NO;
				DEBUG_INFORMATION_FORMAT = dwarf;
				DEVELOPMENT_TEAM = N8W395F695;
				ENABLE_STRICT_OBJC_MSGSEND = YES;
				ENABLE_TESTABILITY = YES;
				ENABLE_USER_SCRIPT_SANDBOXING = YES;
				GCC_C_LANGUAGE_STANDARD = gnu17;
				GCC_DYNAMIC_NO_PIC = NO;
				GCC_NO_COMMON_BLOCKS = YES;
				GCC_OPTIMIZATION_LEVEL = 0;
				GCC_PREPROCESSOR_DEFINITIONS = (
					"DEBUG=1",
					"$(inherited)",
				);
				GCC_WARN_64_TO_32_BIT_CONVERSION = YES;
				GCC_WARN_ABOUT_RETURN_TYPE = YES_ERROR;
				GCC_WARN_UNDECLARED_SELECTOR = YES;
				GCC_WARN_UNINITIALIZED_AUTOS = YES_AGGRESSIVE;
				GCC_WARN_UNUSED_FUNCTION = YES;
				GCC_WARN_UNUSED_VARIABLE = YES;
				IPHONEOS_DEPLOYMENT_TARGET = 14.1;
				LOCALIZATION_PREFERS_STRING_CATALOGS = YES;
				MTL_ENABLE_DEBUG_INFO = INCLUDE_SOURCE;
				MTL_FAST_MATH = YES;
				ONLY_ACTIVE_ARCH = YES;
				SDKROOT = iphoneos;
				STRING_CATALOG_GENERATE_SYMBOLS = YES;
				SWIFT_ACTIVE_COMPILATION_CONDITIONS = "DEBUG $(inherited)";
				SWIFT_OPTIMIZATION_LEVEL = "-Onone";
			};
			name = Debug;
		};
		5D02786F2C2AA91000F2A4EB /* Release */ = {
			isa = XCBuildConfiguration;
			buildSettings = {
				ALWAYS_SEARCH_USER_PATHS = NO;
				ASSETCATALOG_COMPILER_GENERATE_SWIFT_ASSET_SYMBOL_EXTENSIONS = YES;
				CLANG_ANALYZER_NONNULL = YES;
				CLANG_ANALYZER_NUMBER_OBJECT_CONVERSION = YES_AGGRESSIVE;
				CLANG_CXX_LANGUAGE_STANDARD = "gnu++20";
				CLANG_ENABLE_MODULES = YES;
				CLANG_ENABLE_OBJC_ARC = YES;
				CLANG_ENABLE_OBJC_WEAK = YES;
				CLANG_WARN_BLOCK_CAPTURE_AUTORELEASING = YES;
				CLANG_WARN_BOOL_CONVERSION = YES;
				CLANG_WARN_COMMA = YES;
				CLANG_WARN_CONSTANT_CONVERSION = YES;
				CLANG_WARN_DEPRECATED_OBJC_IMPLEMENTATIONS = YES;
				CLANG_WARN_DIRECT_OBJC_ISA_USAGE = YES_ERROR;
				CLANG_WARN_DOCUMENTATION_COMMENTS = YES;
				CLANG_WARN_EMPTY_BODY = YES;
				CLANG_WARN_ENUM_CONVERSION = YES;
				CLANG_WARN_INFINITE_RECURSION = YES;
				CLANG_WARN_INT_CONVERSION = YES;
				CLANG_WARN_NON_LITERAL_NULL_CONVERSION = YES;
				CLANG_WARN_OBJC_IMPLICIT_RETAIN_SELF = YES;
				CLANG_WARN_OBJC_LITERAL_CONVERSION = YES;
				CLANG_WARN_OBJC_ROOT_CLASS = YES_ERROR;
				CLANG_WARN_QUOTED_INCLUDE_IN_FRAMEWORK_HEADER = YES;
				CLANG_WARN_RANGE_LOOP_ANALYSIS = YES;
				CLANG_WARN_STRICT_PROTOTYPES = YES;
				CLANG_WARN_SUSPICIOUS_MOVE = YES;
				CLANG_WARN_UNGUARDED_AVAILABILITY = YES_AGGRESSIVE;
				CLANG_WARN_UNREACHABLE_CODE = YES;
				CLANG_WARN__DUPLICATE_METHOD_MATCH = YES;
				COPY_PHASE_STRIP = NO;
				DEBUG_INFORMATION_FORMAT = "dwarf-with-dsym";
				DEVELOPMENT_TEAM = N8W395F695;
				ENABLE_NS_ASSERTIONS = NO;
				ENABLE_STRICT_OBJC_MSGSEND = YES;
				ENABLE_USER_SCRIPT_SANDBOXING = YES;
				GCC_C_LANGUAGE_STANDARD = gnu17;
				GCC_NO_COMMON_BLOCKS = YES;
				GCC_WARN_64_TO_32_BIT_CONVERSION = YES;
				GCC_WARN_ABOUT_RETURN_TYPE = YES_ERROR;
				GCC_WARN_UNDECLARED_SELECTOR = YES;
				GCC_WARN_UNINITIALIZED_AUTOS = YES_AGGRESSIVE;
				GCC_WARN_UNUSED_FUNCTION = YES;
				GCC_WARN_UNUSED_VARIABLE = YES;
				IPHONEOS_DEPLOYMENT_TARGET = 14.1;
				LOCALIZATION_PREFERS_STRING_CATALOGS = YES;
				MTL_ENABLE_DEBUG_INFO = NO;
				MTL_FAST_MATH = YES;
				SDKROOT = iphoneos;
				STRING_CATALOG_GENERATE_SYMBOLS = YES;
				SWIFT_COMPILATION_MODE = wholemodule;
				VALIDATE_PRODUCT = YES;
			};
			name = Release;
		};
		5D0278712C2AA91000F2A4EB /* Debug */ = {
			isa = XCBuildConfiguration;
			buildSettings = {
				ASSETCATALOG_COMPILER_APPICON_NAME = AppIcon;
				ASSETCATALOG_COMPILER_GLOBAL_ACCENT_COLOR_NAME = AccentColor;
				CODE_SIGN_STYLE = Automatic;
				CURRENT_PROJECT_VERSION = 1;
				ENABLE_USER_SCRIPT_SANDBOXING = NO;
				GENERATE_INFOPLIST_FILE = YES;
				INFOPLIST_FILE = Production/govuk_uicomponents_ios/SupportingFiles/Info.plist;
				INFOPLIST_KEY_UIApplicationSupportsIndirectInputEvents = YES;
				INFOPLIST_KEY_UILaunchStoryboardName = LaunchScreen;
				INFOPLIST_KEY_UISupportedInterfaceOrientations_iPad = "UIInterfaceOrientationPortrait UIInterfaceOrientationPortraitUpsideDown UIInterfaceOrientationLandscapeLeft UIInterfaceOrientationLandscapeRight";
				INFOPLIST_KEY_UISupportedInterfaceOrientations_iPhone = "UIInterfaceOrientationPortrait UIInterfaceOrientationLandscapeLeft UIInterfaceOrientationLandscapeRight";
				IPHONEOS_DEPLOYMENT_TARGET = 16.0;
				LD_RUNPATH_SEARCH_PATHS = (
					"$(inherited)",
					"@executable_path/Frameworks",
				);
				MARKETING_VERSION = 0.0.1;
				PRODUCT_BUNDLE_IDENTIFIER = uk.gov.govuk.uicomponents;
				PRODUCT_NAME = "$(TARGET_NAME)";
				SWIFT_EMIT_LOC_STRINGS = YES;
				SWIFT_VERSION = 5.0;
				TARGETED_DEVICE_FAMILY = "1,2";
			};
			name = Debug;
		};
		5D0278722C2AA91000F2A4EB /* Release */ = {
			isa = XCBuildConfiguration;
			buildSettings = {
				ASSETCATALOG_COMPILER_APPICON_NAME = AppIcon;
				ASSETCATALOG_COMPILER_GLOBAL_ACCENT_COLOR_NAME = AccentColor;
				CODE_SIGN_STYLE = Automatic;
				CURRENT_PROJECT_VERSION = 1;
				ENABLE_USER_SCRIPT_SANDBOXING = NO;
				GENERATE_INFOPLIST_FILE = YES;
				INFOPLIST_FILE = Production/govuk_uicomponents_ios/SupportingFiles/Info.plist;
				INFOPLIST_KEY_UIApplicationSupportsIndirectInputEvents = YES;
				INFOPLIST_KEY_UILaunchStoryboardName = LaunchScreen;
				INFOPLIST_KEY_UISupportedInterfaceOrientations_iPad = "UIInterfaceOrientationPortrait UIInterfaceOrientationPortraitUpsideDown UIInterfaceOrientationLandscapeLeft UIInterfaceOrientationLandscapeRight";
				INFOPLIST_KEY_UISupportedInterfaceOrientations_iPhone = "UIInterfaceOrientationPortrait UIInterfaceOrientationLandscapeLeft UIInterfaceOrientationLandscapeRight";
				IPHONEOS_DEPLOYMENT_TARGET = 16.0;
				LD_RUNPATH_SEARCH_PATHS = (
					"$(inherited)",
					"@executable_path/Frameworks",
				);
				MARKETING_VERSION = 0.0.1;
				PRODUCT_BUNDLE_IDENTIFIER = uk.gov.govuk.uicomponents;
				PRODUCT_NAME = "$(TARGET_NAME)";
				SWIFT_EMIT_LOC_STRINGS = YES;
				SWIFT_VERSION = 5.0;
				TARGETED_DEVICE_FAMILY = "1,2";
			};
			name = Release;
		};
		5D0278742C2AA91000F2A4EB /* Debug */ = {
			isa = XCBuildConfiguration;
			buildSettings = {
				BUNDLE_LOADER = "$(TEST_HOST)";
				CODE_SIGN_STYLE = Automatic;
				CURRENT_PROJECT_VERSION = 1;
				GENERATE_INFOPLIST_FILE = YES;
				IPHONEOS_DEPLOYMENT_TARGET = 16.0;
				MARKETING_VERSION = 1.0;
				PRODUCT_BUNDLE_IDENTIFIER = "uk.gov.GovUK-UIComponentsTests";
				PRODUCT_NAME = "$(TARGET_NAME)";
				SWIFT_EMIT_LOC_STRINGS = NO;
				SWIFT_VERSION = 5.0;
				TARGETED_DEVICE_FAMILY = "1,2";
				TEST_HOST = "$(BUILT_PRODUCTS_DIR)/govuk_uicomponents_ios.app/$(BUNDLE_EXECUTABLE_FOLDER_PATH)/govuk_uicomponents_ios";
			};
			name = Debug;
		};
		5D0278752C2AA91000F2A4EB /* Release */ = {
			isa = XCBuildConfiguration;
			buildSettings = {
				BUNDLE_LOADER = "$(TEST_HOST)";
				CODE_SIGN_STYLE = Automatic;
				CURRENT_PROJECT_VERSION = 1;
				GENERATE_INFOPLIST_FILE = YES;
				IPHONEOS_DEPLOYMENT_TARGET = 16.0;
				MARKETING_VERSION = 1.0;
				PRODUCT_BUNDLE_IDENTIFIER = "uk.gov.GovUK-UIComponentsTests";
				PRODUCT_NAME = "$(TARGET_NAME)";
				SWIFT_EMIT_LOC_STRINGS = NO;
				SWIFT_VERSION = 5.0;
				TARGETED_DEVICE_FAMILY = "1,2";
				TEST_HOST = "$(BUILT_PRODUCTS_DIR)/govuk_uicomponents_ios.app/$(BUNDLE_EXECUTABLE_FOLDER_PATH)/govuk_uicomponents_ios";
			};
			name = Release;
		};
		5D0278772C2AA91000F2A4EB /* Debug */ = {
			isa = XCBuildConfiguration;
			buildSettings = {
				CODE_SIGN_STYLE = Automatic;
				CURRENT_PROJECT_VERSION = 1;
				GENERATE_INFOPLIST_FILE = YES;
				IPHONEOS_DEPLOYMENT_TARGET = 16.0;
				MARKETING_VERSION = 1.0;
				PRODUCT_BUNDLE_IDENTIFIER = "uk.gov.GovUK-UIComponentsUITests";
				PRODUCT_NAME = "$(TARGET_NAME)";
				SWIFT_EMIT_LOC_STRINGS = NO;
				SWIFT_VERSION = 5.0;
				TARGETED_DEVICE_FAMILY = "1,2";
				TEST_TARGET_NAME = "GovUK-UIComponents";
			};
			name = Debug;
		};
		5D0278782C2AA91000F2A4EB /* Release */ = {
			isa = XCBuildConfiguration;
			buildSettings = {
				CODE_SIGN_STYLE = Automatic;
				CURRENT_PROJECT_VERSION = 1;
				GENERATE_INFOPLIST_FILE = YES;
				IPHONEOS_DEPLOYMENT_TARGET = 16.0;
				MARKETING_VERSION = 1.0;
				PRODUCT_BUNDLE_IDENTIFIER = "uk.gov.GovUK-UIComponentsUITests";
				PRODUCT_NAME = "$(TARGET_NAME)";
				SWIFT_EMIT_LOC_STRINGS = NO;
				SWIFT_VERSION = 5.0;
				TARGETED_DEVICE_FAMILY = "1,2";
				TEST_TARGET_NAME = "GovUK-UIComponents";
			};
			name = Release;
		};
		5DB0C0722CC247F200C4E010 /* Debug */ = {
			isa = XCBuildConfiguration;
			buildSettings = {
				BUNDLE_LOADER = "$(TEST_HOST)";
				CODE_SIGN_STYLE = Automatic;
				CURRENT_PROJECT_VERSION = 1;
				GENERATE_INFOPLIST_FILE = YES;
				IPHONEOS_DEPLOYMENT_TARGET = 16.0;
				MARKETING_VERSION = 1.0;
				PRODUCT_BUNDLE_IDENTIFIER = "uk.gov.govuk-uicomponents-ios-snapshot-tests";
				PRODUCT_NAME = "$(TARGET_NAME)";
				SWIFT_EMIT_LOC_STRINGS = NO;
				SWIFT_VERSION = 5.0;
				TARGETED_DEVICE_FAMILY = "1,2";
				TEST_HOST = "$(BUILT_PRODUCTS_DIR)/govuk_uicomponents_ios.app/$(BUNDLE_EXECUTABLE_FOLDER_PATH)/govuk_uicomponents_ios";
			};
			name = Debug;
		};
		5DB0C0732CC247F200C4E010 /* Release */ = {
			isa = XCBuildConfiguration;
			buildSettings = {
				BUNDLE_LOADER = "$(TEST_HOST)";
				CODE_SIGN_STYLE = Automatic;
				CURRENT_PROJECT_VERSION = 1;
				GENERATE_INFOPLIST_FILE = YES;
				IPHONEOS_DEPLOYMENT_TARGET = 16.0;
				MARKETING_VERSION = 1.0;
				PRODUCT_BUNDLE_IDENTIFIER = "uk.gov.govuk-uicomponents-ios-snapshot-tests";
				PRODUCT_NAME = "$(TARGET_NAME)";
				SWIFT_EMIT_LOC_STRINGS = NO;
				SWIFT_VERSION = 5.0;
				TARGETED_DEVICE_FAMILY = "1,2";
				TEST_HOST = "$(BUILT_PRODUCTS_DIR)/govuk_uicomponents_ios.app/$(BUNDLE_EXECUTABLE_FOLDER_PATH)/govuk_uicomponents_ios";
			};
			name = Release;
		};
/* End XCBuildConfiguration section */

/* Begin XCConfigurationList section */
		5D0278412C2AA90900F2A4EB /* Build configuration list for PBXProject "GovUK-UIComponents" */ = {
			isa = XCConfigurationList;
			buildConfigurations = (
				5D02786E2C2AA91000F2A4EB /* Debug */,
				5D02786F2C2AA91000F2A4EB /* Release */,
			);
			defaultConfigurationIsVisible = 0;
			defaultConfigurationName = Release;
		};
		5D0278702C2AA91000F2A4EB /* Build configuration list for PBXNativeTarget "govuk_uicomponents_ios" */ = {
			isa = XCConfigurationList;
			buildConfigurations = (
				5D0278712C2AA91000F2A4EB /* Debug */,
				5D0278722C2AA91000F2A4EB /* Release */,
			);
			defaultConfigurationIsVisible = 0;
			defaultConfigurationName = Release;
		};
		5D0278732C2AA91000F2A4EB /* Build configuration list for PBXNativeTarget "govuk_uicomponents_ios_unit_tests" */ = {
			isa = XCConfigurationList;
			buildConfigurations = (
				5D0278742C2AA91000F2A4EB /* Debug */,
				5D0278752C2AA91000F2A4EB /* Release */,
			);
			defaultConfigurationIsVisible = 0;
			defaultConfigurationName = Release;
		};
		5D0278762C2AA91000F2A4EB /* Build configuration list for PBXNativeTarget "govuk_uicomponents_ios_ui_tests" */ = {
			isa = XCConfigurationList;
			buildConfigurations = (
				5D0278772C2AA91000F2A4EB /* Debug */,
				5D0278782C2AA91000F2A4EB /* Release */,
			);
			defaultConfigurationIsVisible = 0;
			defaultConfigurationName = Release;
		};
		5DB0C0742CC247F200C4E010 /* Build configuration list for PBXNativeTarget "govuk_uicomponents_ios_snapshot_tests" */ = {
			isa = XCConfigurationList;
			buildConfigurations = (
				5DB0C0722CC247F200C4E010 /* Debug */,
				5DB0C0732CC247F200C4E010 /* Release */,
			);
			defaultConfigurationIsVisible = 0;
			defaultConfigurationName = Release;
		};
/* End XCConfigurationList section */

/* Begin XCRemoteSwiftPackageReference section */
		5DB0C0752CC2486F00C4E010 /* XCRemoteSwiftPackageReference "ios-snapshot-test-case" */ = {
			isa = XCRemoteSwiftPackageReference;
			repositoryURL = "https://github.com/uber/ios-snapshot-test-case";
			requirement = {
				kind = upToNextMajorVersion;
				minimumVersion = 8.0.0;
			};
		};
/* End XCRemoteSwiftPackageReference section */

/* Begin XCSwiftPackageProductDependency section */
		5D71C0D92C2AD02F00E25DA5 /* UIComponents */ = {
			isa = XCSwiftPackageProductDependency;
			productName = UIComponents;
		};
		5DB0C0762CC2486F00C4E010 /* iOSSnapshotTestCase */ = {
			isa = XCSwiftPackageProductDependency;
			package = 5DB0C0752CC2486F00C4E010 /* XCRemoteSwiftPackageReference "ios-snapshot-test-case" */;
			productName = iOSSnapshotTestCase;
		};
/* End XCSwiftPackageProductDependency section */
	};
	rootObject = 5D02783E2C2AA90900F2A4EB /* Project object */;
}
